
Microsoft Visual Studio Solution File, Format Version 12.00
# Visual Studio 15
VisualStudioVersion = 15.0.28307.271
MinimumVisualStudioVersion = 10.0.40219.1
Project("{FAE04EC0-301F-11D3-BF4B-00C04F79EFBC}") = "EF_CodeFirst", "EF_CodeFirst\EF_CodeFirst.csproj", "{CC05A682-C422-4B90-A93E-461C954DD9A8}"
EndProject
Global
	GlobalSection(SolutionConfigurationPlatforms) = preSolution
		Debug|Any CPU = Debug|Any CPU
		Release|Any CPU = Release|Any CPU
	EndGlobalSection
	GlobalSection(ProjectConfigurationPlatforms) = postSolution
		{CC05A682-C422-4B90-A93E-461C954DD9A8}.Debug|Any CPU.ActiveCfg = Debug|Any CPU
		{CC05A682-C422-4B90-A93E-461C954DD9A8}.Debug|Any CPU.Build.0 = Debug|Any CPU
		{CC05A682-C422-4B90-A93E-461C954DD9A8}.Release|Any CPU.ActiveCfg = Release|Any CPU
		{CC05A682-C422-4B90-A93E-461C954DD9A8}.Release|Any CPU.Build.0 = Release|Any CPU
	EndGlobalSection
	GlobalSection(SolutionProperties) = preSolution
		HideSolutionNode = FALSE
	EndGlobalSection
	GlobalSection(ExtensibilityGlobals) = postSolution
		SolutionGuid = {973C0294-D512-4092-B221-950237E763EA}
	EndGlobalSection
EndGlobal
