
Microsoft Visual Studio Solution File, Format Version 12.00
# Visual Studio 15
VisualStudioVersion = 15.0.28307.271
MinimumVisualStudioVersion = 10.0.40219.1
Project("{FAE04EC0-301F-11D3-BF4B-00C04F79EFBC}") = "Databse_First_EF", "Databse_First_EF\Databse_First_EF.csproj", "{2CB1AE09-F555-4F2C-923F-337F1CF90DCE}"
EndProject
Project("{00D1A9C2-B5F0-4AF3-8072-F6C62B433612}") = "DatabaseProject", "DatabaseProject\DatabaseProject.sqlproj", "{D9A659A8-1C1C-4726-95EF-541B82101D8A}"
EndProject
Global
	GlobalSection(SolutionConfigurationPlatforms) = preSolution
		Debug|Any CPU = Debug|Any CPU
		Release|Any CPU = Release|Any CPU
	EndGlobalSection
	GlobalSection(ProjectConfigurationPlatforms) = postSolution
		{2CB1AE09-F555-4F2C-923F-337F1CF90DCE}.Debug|Any CPU.ActiveCfg = Debug|Any CPU
		{2CB1AE09-F555-4F2C-923F-337F1CF90DCE}.Debug|Any CPU.Build.0 = Debug|Any CPU
		{2CB1AE09-F555-4F2C-923F-337F1CF90DCE}.Release|Any CPU.ActiveCfg = Release|Any CPU
		{2CB1AE09-F555-4F2C-923F-337F1CF90DCE}.Release|Any CPU.Build.0 = Release|Any CPU
		{D9A659A8-1C1C-4726-95EF-541B82101D8A}.Debug|Any CPU.ActiveCfg = Debug|Any CPU
		{D9A659A8-1C1C-4726-95EF-541B82101D8A}.Debug|Any CPU.Build.0 = Debug|Any CPU
		{D9A659A8-1C1C-4726-95EF-541B82101D8A}.Debug|Any CPU.Deploy.0 = Debug|Any CPU
		{D9A659A8-1C1C-4726-95EF-541B82101D8A}.Release|Any CPU.ActiveCfg = Release|Any CPU
		{D9A659A8-1C1C-4726-95EF-541B82101D8A}.Release|Any CPU.Build.0 = Release|Any CPU
		{D9A659A8-1C1C-4726-95EF-541B82101D8A}.Release|Any CPU.Deploy.0 = Release|Any CPU
	EndGlobalSection
	GlobalSection(SolutionProperties) = preSolution
		HideSolutionNode = FALSE
	EndGlobalSection
	GlobalSection(ExtensibilityGlobals) = postSolution
		SolutionGuid = {32ED40E1-7278-4A46-A7E1-97EE60AA3DB2}
	EndGlobalSection
EndGlobal
